PODS:
  - Alamofire (5.0.5)
  - iOSDropDown (0.3.4)
  - iProgressHUD (1.1.1)
  - IQKeyboardManagerSwift (6.5.5)
  - RxCocoa (5.1.1):
    - RxRelay (~> 5)
    - RxSwift (~> 5)
  - RxRelay (5.1.1):
    - RxSwift (~> 5)
  - RxSwift (5.1.1)

DEPENDENCIES:
  - Alamofire (~> 5.0)
  - iOSDropDown
  - iProgressHUD (~> 1.1.1)
  - IQKeyboardManagerSwift
  - RxCocoa (~> 5)
  - RxSwift (~> 5)

SPEC REPOS:
  trunk:
    - Alamofire
    - iOSDropDown
    - iProgressHUD
    - IQKeyboardManagerSwift
    - RxCocoa
    - RxRelay
    - RxSwift

SPEC CHECKSUMS:
  Alamofire: df2f8f826963b08b9a870791ad48e07a10090b2e
  iOSDropDown: c10a761f9a00c3f1cc9d3bce43ae504628e2f692
  iProgressHUD: caa742128253c97f2c2e1ec59e2bbe6cf689df6a
  IQKeyboardManagerSwift: 0fb93310284665245591f50f7a5e38de615960b7
  RxCocoa: 32065309a38d29b5b0db858819b5bf9ef038b601
  RxRelay: d77f7d771495f43c556cbc43eebd1bb54d01e8e9
  RxSwift: 81470a2074fa8780320ea5fe4102807cb7118178

PODFILE CHECKSUM: b64a8c8c317f0a9ec68d8b3d154b66e028a91921

COCOAPODS: 1.9.1
